
Microsoft Visual Studio Solution File, Format Version 12.00
# Visual Studio Version 16
VisualStudioVersion = 16.0.29409.12
MinimumVisualStudioVersion = 10.0.40219.1
Project("{FAE04EC0-301F-11D3-BF4B-00C04F79EFBC}") = "Exam_ASP_MVC", "Exam_ASP_MVC\Exam_ASP_MVC.csproj", "{3B7AAD3E-F65F-4410-9FAA-C0AE5647BB96}"
EndProject
Global
	GlobalSection(SolutionConfigurationPlatforms) = preSolution
		Debug|Any CPU = Debug|Any CPU
		Release|Any CPU = Release|Any CPU
	EndGlobalSection
	GlobalSection(ProjectConfigurationPlatforms) = postSolution
		{3B7AAD3E-F65F-4410-9FAA-C0AE5647BB96}.Debug|Any CPU.ActiveCfg = Debug|Any CPU
		{3B7AAD3E-F65F-4410-9FAA-C0AE5647BB96}.Debug|Any CPU.Build.0 = Debug|Any CPU
		{3B7AAD3E-F65F-4410-9FAA-C0AE5647BB96}.Release|Any CPU.ActiveCfg = Release|Any CPU
		{3B7AAD3E-F65F-4410-9FAA-C0AE5647BB96}.Release|Any CPU.Build.0 = Release|Any CPU
	EndGlobalSection
	GlobalSection(SolutionProperties) = preSolution
		HideSolutionNode = FALSE
	EndGlobalSection
	GlobalSection(ExtensibilityGlobals) = postSolution
		SolutionGuid = {C4053E5A-8B72-45F5-81FF-81CB4AE1A53A}
	EndGlobalSection
EndGlobal
